
Microsoft Visual Studio Solution File, Format Version 12.00
# Visual Studio Version 17
VisualStudioVersion = 17.10.34916.146
MinimumVisualStudioVersion = 10.0.40219.1
Project("{FAE04EC0-301F-11D3-BF4B-00C04F79EFBC}") = "ProjetoCrud", "ProjetoCrud\ProjetoCrud.csproj", "{4D0ECFDA-FCB3-4D33-AA48-E8FDA8B6F6EE}"
EndProject
Global
	GlobalSection(SolutionConfigurationPlatforms) = preSolution
		Debug|Any CPU = Debug|Any CPU
		Release|Any CPU = Release|Any CPU
	EndGlobalSection
	GlobalSection(ProjectConfigurationPlatforms) = postSolution
		{4D0ECFDA-FCB3-4D33-AA48-E8FDA8B6F6EE}.Debug|Any CPU.ActiveCfg = Debug|Any CPU
		{4D0ECFDA-FCB3-4D33-AA48-E8FDA8B6F6EE}.Debug|Any CPU.Build.0 = Debug|Any CPU
		{4D0ECFDA-FCB3-4D33-AA48-E8FDA8B6F6EE}.Release|Any CPU.ActiveCfg = Release|Any CPU
		{4D0ECFDA-FCB3-4D33-AA48-E8FDA8B6F6EE}.Release|Any CPU.Build.0 = Release|Any CPU
	EndGlobalSection
	GlobalSection(SolutionProperties) = preSolution
		HideSolutionNode = FALSE
	EndGlobalSection
	GlobalSection(ExtensibilityGlobals) = postSolution
		SolutionGuid = {D52631C9-FB35-47B1-82B3-FBF38F1CA2B4}
	EndGlobalSection
EndGlobal
